// !$*UTF8*$!
{
	archiveVersion = 1;
	classes = {
	};
	objectVersion = 46;
	objects = {

/* Begin PBXBuildFile section */
		5ECCDD031C08502800E21019 /* iOSCharts.h in CopyFiles */ = {isa = PBXBuildFile; fileRef = 5ECCDD021C08502800E21019 /* iOSCharts.h */; };
		5ECCDD051C08502800E21019 /* iOSCharts.m in Sources */ = {isa = PBXBuildFile; fileRef = 5ECCDD041C08502800E21019 /* iOSCharts.m */; };
		5ECCDD0C1C0850BB00E21019 /* Charts.framework in Frameworks */ = {isa = PBXBuildFile; fileRef = 5ECCDD0B1C0850BB00E21019 /* Charts.framework */; };
		5ECCDD101C0852B000E21019 /* BarChartData.m in Sources */ = {isa = PBXBuildFile; fileRef = 5ECCDD0F1C0852B000E21019 /* BarChartData.m */; settings = {ASSET_TAGS = (); }; };
/* End PBXBuildFile section */

/* Begin PBXCopyFilesBuildPhase section */
		5ECCDCFD1C08502800E21019 /* CopyFiles */ = {
			isa = PBXCopyFilesBuildPhase;
			buildActionMask = 2147483647;
			dstPath = "include/$(PRODUCT_NAME)";
			dstSubfolderSpec = 16;
			files = (
				5ECCDD031C08502800E21019 /* iOSCharts.h in CopyFiles */,
			);
			runOnlyForDeploymentPostprocessing = 0;
		};
/* End PBXCopyFilesBuildPhase section */

/* Begin PBXFileReference section */
		5ECCDCFF1C08502800E21019 /* libiOSCharts.a */ = {isa = PBXFileReference; explicitFileType = archive.ar; includeInIndex = 0; path = libiOSCharts.a; sourceTree = BUILT_PRODUCTS_DIR; };
		5ECCDD021C08502800E21019 /* iOSCharts.h */ = {isa = PBXFileReference; lastKnownFileType = sourcecode.c.h; path = iOSCharts.h; sourceTree = "<group>"; };
		5ECCDD041C08502800E21019 /* iOSCharts.m */ = {isa = PBXFileReference; lastKnownFileType = sourcecode.c.objc; path = iOSCharts.m; sourceTree = "<group>"; };
		5ECCDD0B1C0850BB00E21019 /* Charts.framework */ = {isa = PBXFileReference; lastKnownFileType = wrapper.framework; name = Charts.framework; path = Frameworks/Charts.framework; sourceTree = "<group>"; };
		5ECCDD0E1C0852B000E21019 /* BarChartData.h */ = {isa = PBXFileReference; fileEncoding = 4; lastKnownFileType = sourcecode.c.h; path = BarChartData.h; sourceTree = "<group>"; };
		5ECCDD0F1C0852B000E21019 /* BarChartData.m */ = {isa = PBXFileReference; fileEncoding = 4; lastKnownFileType = sourcecode.c.objc; path = BarChartData.m; sourceTree = "<group>"; };
/* End PBXFileReference section */

/* Begin PBXFrameworksBuildPhase section */
		5ECCDCFC1C08502800E21019 /* Frameworks */ = {
			isa = PBXFrameworksBuildPhase;
			buildActionMask = 2147483647;
			files = (
				5ECCDD0C1C0850BB00E21019 /* Charts.framework in Frameworks */,
			);
			runOnlyForDeploymentPostprocessing = 0;
		};
/* End PBXFrameworksBuildPhase section */

/* Begin PBXGroup section */
		5ECCDCF61C08502800E21019 = {
			isa = PBXGroup;
			children = (
				5ECCDD0D1C0850CA00E21019 /* Frameworks */,
				5ECCDD011C08502800E21019 /* iOSCharts */,
				5ECCDD001C08502800E21019 /* Products */,
			);
			sourceTree = "<group>";
		};
		5ECCDD001C08502800E21019 /* Products */ = {
			isa = PBXGroup;
			children = (
				5ECCDCFF1C08502800E21019 /* libiOSCharts.a */,
			);
			name = Products;
			sourceTree = "<group>";
		};
		5ECCDD011C08502800E21019 /* iOSCharts */ = {
			isa = PBXGroup;
			children = (
				5ECCDD021C08502800E21019 /* iOSCharts.h */,
				5ECCDD041C08502800E21019 /* iOSCharts.m */,
				5ECCDD0E1C0852B000E21019 /* BarChartData.h */,
				5ECCDD0F1C0852B000E21019 /* BarChartData.m */,
			);
			path = iOSCharts;
			sourceTree = "<group>";
		};
		5ECCDD0D1C0850CA00E21019 /* Frameworks */ = {
			isa = PBXGroup;
			children = (
				5ECCDD0B1C0850BB00E21019 /* Charts.framework */,
			);
			name = Frameworks;
			sourceTree = "<group>";
		};
/* End PBXGroup section */

/* Begin PBXNativeTarget section */
		5ECCDCFE1C08502800E21019 /* iOSCharts */ = {
			isa = PBXNativeTarget;
			buildConfigurationList = 5ECCDD081C08502800E21019 /* Build configuration list for PBXNativeTarget "iOSCharts" */;
			buildPhases = (
				5ECCDCFB1C08502800E21019 /* Sources */,
				5ECCDCFC1C08502800E21019 /* Frameworks */,
				5ECCDCFD1C08502800E21019 /* CopyFiles */,
			);
			buildRules = (
			);
			dependencies = (
			);
			name = iOSCharts;
			productName = iOSCharts;
			productReference = 5ECCDCFF1C08502800E21019 /* libiOSCharts.a */;
			productType = "com.apple.product-type.library.static";
		};
/* End PBXNativeTarget section */

/* Begin PBXProject section */
		5ECCDCF71C08502800E21019 /* Project object */ = {
			isa = PBXProject;
			attributes = {
				LastUpgradeCheck = 0700;
				ORGANIZATIONNAME = "Kazutaka Matsusaki";
				TargetAttributes = {
					5ECCDCFE1C08502800E21019 = {
						CreatedOnToolsVersion = 7.0.1;
					};
				};
			};
			buildConfigurationList = 5ECCDCFA1C08502800E21019 /* Build configuration list for PBXProject "iOSCharts" */;
			compatibilityVersion = "Xcode 3.2";
			developmentRegion = English;
			hasScannedForEncodings = 0;
			knownRegions = (
				en,
			);
			mainGroup = 5ECCDCF61C08502800E21019;
			productRefGroup = 5ECCDD001C08502800E21019 /* Products */;
			projectDirPath = "";
			projectRoot = "";
			targets = (
				5ECCDCFE1C08502800E21019 /* iOSCharts */,
			);
		};
/* End PBXProject section */

/* Begin PBXSourcesBuildPhase section */
		5ECCDCFB1C08502800E21019 /* Sources */ = {
			isa = PBXSourcesBuildPhase;
			buildActionMask = 2147483647;
			files = (
				5ECCDD101C0852B000E21019 /* BarChartData.m in Sources */,
				5ECCDD051C08502800E21019 /* iOSCharts.m in Sources */,
			);
			runOnlyForDeploymentPostprocessing = 0;
		};
/* End PBXSourcesBuildPhase section */

/* Begin XCBuildConfiguration section */
		5ECCDD061C08502800E21019 /* Debug */ = {
			isa = XCBuildConfiguration;
			buildSettings = {
				ALWAYS_SEARCH_USER_PATHS = NO;
				CLANG_CXX_LANGUAGE_STANDARD = "gnu++0x";
				CLANG_CXX_LIBRARY = "libc++";
				CLANG_ENABLE_MODULES = YES;
				CLANG_ENABLE_OBJC_ARC = YES;
				CLANG_WARN_BOOL_CONVERSION = YES;
				CLANG_WARN_CONSTANT_CONVERSION = YES;
				CLANG_WARN_DIRECT_OBJC_ISA_USAGE = YES_ERROR;
				CLANG_WARN_EMPTY_BODY = YES;
				CLANG_WARN_ENUM_CONVERSION = YES;
				CLANG_WARN_INT_CONVERSION = YES;
				CLANG_WARN_OBJC_ROOT_CLASS = YES_ERROR;
				CLANG_WARN_UNREACHABLE_CODE = YES;
				CLANG_WARN__DUPLICATE_METHOD_MATCH = YES;
				COPY_PHASE_STRIP = NO;
				DEBUG_INFORMATION_FORMAT = dwarf;
				ENABLE_STRICT_OBJC_MSGSEND = YES;
				ENABLE_TESTABILITY = YES;
				GCC_C_LANGUAGE_STANDARD = gnu99;
				GCC_DYNAMIC_NO_PIC = NO;
				GCC_NO_COMMON_BLOCKS = YES;
				GCC_OPTIMIZATION_LEVEL = 0;
				GCC_PREPROCESSOR_DEFINITIONS = (
					"DEBUG=1",
					"$(inherited)",
				);
				GCC_WARN_64_TO_32_BIT_CONVERSION = YES;
				GCC_WARN_ABOUT_RETURN_TYPE = YES_ERROR;
				GCC_WARN_UNDECLARED_SELECTOR = YES;
				GCC_WARN_UNINITIALIZED_AUTOS = YES_AGGRESSIVE;
				GCC_WARN_UNUSED_FUNCTION = YES;
				GCC_WARN_UNUSED_VARIABLE = YES;
				IPHONEOS_DEPLOYMENT_TARGET = 9.0;
				MTL_ENABLE_DEBUG_INFO = YES;
				ONLY_ACTIVE_ARCH = YES;
				SDKROOT = iphoneos;
			};
			name = Debug;
		};
		5ECCDD071C08502800E21019 /* Release */ = {
			isa = XCBuildConfiguration;
			buildSettings = {
				ALWAYS_SEARCH_USER_PATHS = NO;
				CLANG_CXX_LANGUAGE_STANDARD = "gnu++0x";
				CLANG_CXX_LIBRARY = "libc++";
				CLANG_ENABLE_MODULES = YES;
				CLANG_ENABLE_OBJC_ARC = YES;
				CLANG_WARN_BOOL_CONVERSION = YES;
				CLANG_WARN_CONSTANT_CONVERSION = YES;
				CLANG_WARN_DIRECT_OBJC_ISA_USAGE = YES_ERROR;
				CLANG_WARN_EMPTY_BODY = YES;
				CLANG_WARN_ENUM_CONVERSION = YES;
				CLANG_WARN_INT_CONVERSION = YES;
				CLANG_WARN_OBJC_ROOT_CLASS = YES_ERROR;
				CLANG_WARN_UNREACHABLE_CODE = YES;
				CLANG_WARN__DUPLICATE_METHOD_MATCH = YES;
				COPY_PHASE_STRIP = NO;
				DEBUG_INFORMATION_FORMAT = "dwarf-with-dsym";
				ENABLE_NS_ASSERTIONS = NO;
				ENABLE_STRICT_OBJC_MSGSEND = YES;
				GCC_C_LANGUAGE_STANDARD = gnu99;
				GCC_NO_COMMON_BLOCKS = YES;
				GCC_WARN_64_TO_32_BIT_CONVERSION = YES;
				GCC_WARN_ABOUT_RETURN_TYPE = YES_ERROR;
				GCC_WARN_UNDECLARED_SELECTOR = YES;
				GCC_WARN_UNINITIALIZED_AUTOS = YES_AGGRESSIVE;
				GCC_WARN_UNUSED_FUNCTION = YES;
				GCC_WARN_UNUSED_VARIABLE = YES;
				IPHONEOS_DEPLOYMENT_TARGET = 9.0;
				MTL_ENABLE_DEBUG_INFO = NO;
				SDKROOT = iphoneos;
				VALIDATE_PRODUCT = YES;
			};
			name = Release;
		};
		5ECCDD091C08502800E21019 /* Debug */ = {
			isa = XCBuildConfiguration;
			buildSettings = {
				FRAMEWORK_SEARCH_PATHS = (
					"$(inherited)",
					"$(PROJECT_DIR)/Frameworks",
				);
				OTHER_LDFLAGS = "-ObjC";
				PRODUCT_NAME = "$(TARGET_NAME)";
				SKIP_INSTALL = YES;
			};
			name = Debug;
		};
		5ECCDD0A1C08502800E21019 /* Release */ = {
			isa = XCBuildConfiguration;
			buildSettings = {
				FRAMEWORK_SEARCH_PATHS = (
					"$(inherited)",
					"$(PROJECT_DIR)/Frameworks",
				);
				OTHER_LDFLAGS = "-ObjC";
				PRODUCT_NAME = "$(TARGET_NAME)";
				SKIP_INSTALL = YES;
			};
			name = Release;
		};
/* End XCBuildConfiguration section */

/* Begin XCConfigurationList section */
		5ECCDCFA1C08502800E21019 /* Build configuration list for PBXProject "iOSCharts" */ = {
			isa = XCConfigurationList;
			buildConfigurations = (
				5ECCDD061C08502800E21019 /* Debug */,
				5ECCDD071C08502800E21019 /* Release */,
			);
			defaultConfigurationIsVisible = 0;
			defaultConfigurationName = Release;
		};
		5ECCDD081C08502800E21019 /* Build configuration list for PBXNativeTarget "iOSCharts" */ = {
			isa = XCConfigurationList;
			buildConfigurations = (
				5ECCDD091C08502800E21019 /* Debug */,
				5ECCDD0A1C08502800E21019 /* Release */,
			);
			defaultConfigurationIsVisible = 0;
		};
/* End XCConfigurationList section */
	};
	rootObject = 5ECCDCF71C08502800E21019 /* Project object */;
}
